// !$*UTF8*$!
{
	archiveVersion = 1;
	classes = {
	};
	objectVersion = 46;
	objects = {

/* Begin PBXBuildFile section */
		690C27481B969E82004CA276 /* UIView+HYBUIViewCommon.m in Sources */ = {isa = PBXBuildFile; fileRef = 690C27471B969E82004CA276 /* UIView+HYBUIViewCommon.m */; };
		693CA70B1CA3C6D90076E4BC /* default.png in Resources */ = {isa = PBXBuildFile; fileRef = 693CA70A1CA3C6D90076E4BC /* default.png */; };
		693CA70E1CA3D71B0076E4BC /* TestViewController.m in Sources */ = {isa = PBXBuildFile; fileRef = 693CA70D1CA3D71B0076E4BC /* TestViewController.m */; };
		693CEB9C1ACBC749005FD2DC /* main.m in Sources */ = {isa = PBXBuildFile; fileRef = 693CEB9B1ACBC749005FD2DC /* main.m */; };
		693CEB9F1ACBC749005FD2DC /* AppDelegate.m in Sources */ = {isa = PBXBuildFile; fileRef = 693CEB9E1ACBC749005FD2DC /* AppDelegate.m */; };
		693CEBA21ACBC749005FD2DC /* ViewController.m in Sources */ = {isa = PBXBuildFile; fileRef = 693CEBA11ACBC749005FD2DC /* ViewController.m */; };
		693CEBC51ACBC7E7005FD2DC /* HYBLoopScrollView.m in Sources */ = {isa = PBXBuildFile; fileRef = 693CEBC41ACBC7E7005FD2DC /* HYBLoopScrollView.m */; };
		69406D291CA8D56C00479B8A /* Info.plist in Resources */ = {isa = PBXBuildFile; fileRef = 69406D0F1CA8D56C00479B8A /* Info.plist */; };
		69406D2A1CA8D56C00479B8A /* MASCompositeConstraint.m in Sources */ = {isa = PBXBuildFile; fileRef = 69406D111CA8D56C00479B8A /* MASCompositeConstraint.m */; };
		69406D2B1CA8D56C00479B8A /* MASConstraint.m in Sources */ = {isa = PBXBuildFile; fileRef = 69406D141CA8D56C00479B8A /* MASConstraint.m */; };
		69406D2C1CA8D56C00479B8A /* MASConstraintMaker.m in Sources */ = {isa = PBXBuildFile; fileRef = 69406D161CA8D56C00479B8A /* MASConstraintMaker.m */; };
		69406D2D1CA8D56C00479B8A /* MASLayoutConstraint.m in Sources */ = {isa = PBXBuildFile; fileRef = 69406D181CA8D56C00479B8A /* MASLayoutConstraint.m */; };
		69406D2E1CA8D56C00479B8A /* MASViewAttribute.m in Sources */ = {isa = PBXBuildFile; fileRef = 69406D1C1CA8D56C00479B8A /* MASViewAttribute.m */; };
		69406D2F1CA8D56C00479B8A /* MASViewConstraint.m in Sources */ = {isa = PBXBuildFile; fileRef = 69406D1E1CA8D56C00479B8A /* MASViewConstraint.m */; };
		69406D301CA8D56C00479B8A /* NSArray+MASAdditions.m in Sources */ = {isa = PBXBuildFile; fileRef = 69406D201CA8D56C00479B8A /* NSArray+MASAdditions.m */; };
		69406D311CA8D56C00479B8A /* NSLayoutConstraint+MASDebugAdditions.m in Sources */ = {isa = PBXBuildFile; fileRef = 69406D231CA8D56C00479B8A /* NSLayoutConstraint+MASDebugAdditions.m */; };
		69406D321CA8D56C00479B8A /* View+MASAdditions.m in Sources */ = {isa = PBXBuildFile; fileRef = 69406D251CA8D56C00479B8A /* View+MASAdditions.m */; };
		69406D331CA8D56C00479B8A /* ViewController+MASAdditions.m in Sources */ = {isa = PBXBuildFile; fileRef = 69406D281CA8D56C00479B8A /* ViewController+MASAdditions.m */; };
		69A2634E1ACBCDC20059044B /* HYBLoadImageView.m in Sources */ = {isa = PBXBuildFile; fileRef = 69A2634D1ACBCDC20059044B /* HYBLoadImageView.m */; };
		69A263511ACBD25C0059044B /* HYBPageControl.m in Sources */ = {isa = PBXBuildFile; fileRef = 69A263501ACBD25C0059044B /* HYBPageControl.m */; };
		69A263561ACBDE690059044B /* h1.jpg in Resources */ = {isa = PBXBuildFile; fileRef = 69A263521ACBDE690059044B /* h1.jpg */; };
		69A263571ACBDE690059044B /* h3.jpg in Resources */ = {isa = PBXBuildFile; fileRef = 69A263531ACBDE690059044B /* h3.jpg */; };
		69A263581ACBDE690059044B /* h2.jpg in Resources */ = {isa = PBXBuildFile; fileRef = 69A263541ACBDE690059044B /* h2.jpg */; };
		69A263591ACBDE690059044B /* h4.jpg in Resources */ = {isa = PBXBuildFile; fileRef = 69A263551ACBDE690059044B /* h4.jpg */; };
/* End PBXBuildFile section */

/* Begin PBXFileReference section */
		690C27461B969E82004CA276 /* UIView+HYBUIViewCommon.h */ = {isa = PBXFileReference; fileEncoding = 4; lastKnownFileType = sourcecode.c.h; name = "UIView+HYBUIViewCommon.h"; path = "HYBLoopScrollView/UIView+HYBUIViewCommon.h"; sourceTree = "<group>"; };
		690C27471B969E82004CA276 /* UIView+HYBUIViewCommon.m */ = {isa = PBXFileReference; fileEncoding = 4; lastKnownFileType = sourcecode.c.objc; name = "UIView+HYBUIViewCommon.m"; path = "HYBLoopScrollView/UIView+HYBUIViewCommon.m"; sourceTree = "<group>"; };
		693CA70A1CA3C6D90076E4BC /* default.png */ = {isa = PBXFileReference; lastKnownFileType = image.png; path = default.png; sourceTree = "<group>"; };
		693CA70C1CA3D71B0076E4BC /* TestViewController.h */ = {isa = PBXFileReference; fileEncoding = 4; lastKnownFileType = sourcecode.c.h; path = TestViewController.h; sourceTree = "<group>"; };
		693CA70D1CA3D71B0076E4BC /* TestViewController.m */ = {isa = PBXFileReference; fileEncoding = 4; lastKnownFileType = sourcecode.c.objc; path = TestViewController.m; sourceTree = "<group>"; };
		693CEB961ACBC749005FD2DC /* HYBLoopScrollView.app */ = {isa = PBXFileReference; explicitFileType = wrapper.application; includeInIndex = 0; path = HYBLoopScrollView.app; sourceTree = BUILT_PRODUCTS_DIR; };
		693CEB9A1ACBC749005FD2DC /* Info.plist */ = {isa = PBXFileReference; lastKnownFileType = text.plist.xml; path = Info.plist; sourceTree = "<group>"; };
		693CEB9B1ACBC749005FD2DC /* main.m */ = {isa = PBXFileReference; lastKnownFileType = sourcecode.c.objc; path = main.m; sourceTree = "<group>"; };
		693CEB9D1ACBC749005FD2DC /* AppDelegate.h */ = {isa = PBXFileReference; lastKnownFileType = sourcecode.c.h; path = AppDelegate.h; sourceTree = "<group>"; };
		693CEB9E1ACBC749005FD2DC /* AppDelegate.m */ = {isa = PBXFileReference; lastKnownFileType = sourcecode.c.objc; path = AppDelegate.m; sourceTree = "<group>"; };
		693CEBA01ACBC749005FD2DC /* ViewController.h */ = {isa = PBXFileReference; lastKnownFileType = sourcecode.c.h; path = ViewController.h; sourceTree = "<group>"; };
		693CEBA11ACBC749005FD2DC /* ViewController.m */ = {isa = PBXFileReference; lastKnownFileType = sourcecode.c.objc; path = ViewController.m; sourceTree = "<group>"; };
		693CEBC31ACBC7E7005FD2DC /* HYBLoopScrollView.h */ = {isa = PBXFileReference; fileEncoding = 4; lastKnownFileType = sourcecode.c.h; name = HYBLoopScrollView.h; path = HYBLoopScrollView/HYBLoopScrollView.h; sourceTree = "<group>"; };
		693CEBC41ACBC7E7005FD2DC /* HYBLoopScrollView.m */ = {isa = PBXFileReference; fileEncoding = 4; lastKnownFileType = sourcecode.c.objc; name = HYBLoopScrollView.m; path = HYBLoopScrollView/HYBLoopScrollView.m; sourceTree = "<group>"; };
		69406D0F1CA8D56C00479B8A /* Info.plist */ = {isa = PBXFileReference; fileEncoding = 4; lastKnownFileType = text.plist.xml; path = Info.plist; sourceTree = "<group>"; };
		69406D101CA8D56C00479B8A /* MASCompositeConstraint.h */ = {isa = PBXFileReference; fileEncoding = 4; lastKnownFileType = sourcecode.c.h; path = MASCompositeConstraint.h; sourceTree = "<group>"; };
		69406D111CA8D56C00479B8A /* MASCompositeConstraint.m */ = {isa = PBXFileReference; fileEncoding = 4; lastKnownFileType = sourcecode.c.objc; path = MASCompositeConstraint.m; sourceTree = "<group>"; };
		69406D121CA8D56C00479B8A /* MASConstraint+Private.h */ = {isa = PBXFileReference; fileEncoding = 4; lastKnownFileType = sourcecode.c.h; path = "MASConstraint+Private.h"; sourceTree = "<group>"; };
		69406D131CA8D56C00479B8A /* MASConstraint.h */ = {isa = PBXFileReference; fileEncoding = 4; lastKnownFileType = sourcecode.c.h; path = MASConstraint.h; sourceTree = "<group>"; };
		69406D141CA8D56C00479B8A /* MASConstraint.m */ = {isa = PBXFileReference; fileEncoding = 4; lastKnownFileType = sourcecode.c.objc; path = MASConstraint.m; sourceTree = "<group>"; };
		69406D151CA8D56C00479B8A /* MASConstraintMaker.h */ = {isa = PBXFileReference; fileEncoding = 4; lastKnownFileType = sourcecode.c.h; path = MASConstraintMaker.h; sourceTree = "<group>"; };
		69406D161CA8D56C00479B8A /* MASConstraintMaker.m */ = {isa = PBXFileReference; fileEncoding = 4; lastKnownFileType = sourcecode.c.objc; path = MASConstraintMaker.m; sourceTree = "<group>"; };
		69406D171CA8D56C00479B8A /* MASLayoutConstraint.h */ = {isa = PBXFileReference; fileEncoding = 4; lastKnownFileType = sourcecode.c.h; path = MASLayoutConstraint.h; sourceTree = "<group>"; };
		69406D181CA8D56C00479B8A /* MASLayoutConstraint.m */ = {isa = PBXFileReference; fileEncoding = 4; lastKnownFileType = sourcecode.c.objc; path = MASLayoutConstraint.m; sourceTree = "<group>"; };
		69406D191CA8D56C00479B8A /* Masonry.h */ = {isa = PBXFileReference; fileEncoding = 4; lastKnownFileType = sourcecode.c.h; path = Masonry.h; sourceTree = "<group>"; };
		69406D1A1CA8D56C00479B8A /* MASUtilities.h */ = {isa = PBXFileReference; fileEncoding = 4; lastKnownFileType = sourcecode.c.h; path = MASUtilities.h; sourceTree = "<group>"; };
		69406D1B1CA8D56C00479B8A /* MASViewAttribute.h */ = {isa = PBXFileReference; fileEncoding = 4; lastKnownFileType = sourcecode.c.h; path = MASViewAttribute.h; sourceTree = "<group>"; };
		69406D1C1CA8D56C00479B8A /* MASViewAttribute.m */ = {isa = PBXFileReference; fileEncoding = 4; lastKnownFileType = sourcecode.c.objc; path = MASViewAttribute.m; sourceTree = "<group>"; };
		69406D1D1CA8D56C00479B8A /* MASViewConstraint.h */ = {isa = PBXFileReference; fileEncoding = 4; lastKnownFileType = sourcecode.c.h; path = MASViewConstraint.h; sourceTree = "<group>"; };
		69406D1E1CA8D56C00479B8A /* MASViewConstraint.m */ = {isa = PBXFileReference; fileEncoding = 4; lastKnownFileType = sourcecode.c.objc; path = MASViewConstraint.m; sourceTree = "<group>"; };
		69406D1F1CA8D56C00479B8A /* NSArray+MASAdditions.h */ = {isa = PBXFileReference; fileEncoding = 4; lastKnownFileType = sourcecode.c.h; path = "NSArray+MASAdditions.h"; sourceTree = "<group>"; };
		69406D201CA8D56C00479B8A /* NSArray+MASAdditions.m */ = {isa = PBXFileReference; fileEncoding = 4; lastKnownFileType = sourcecode.c.objc; path = "NSArray+MASAdditions.m"; sourceTree = "<group>"; };
		69406D211CA8D56C00479B8A /* NSArray+MASShorthandAdditions.h */ = {isa = PBXFileReference; fileEncoding = 4; lastKnownFileType = sourcecode.c.h; path = "NSArray+MASShorthandAdditions.h"; sourceTree = "<group>"; };
		69406D221CA8D56C00479B8A /* NSLayoutConstraint+MASDebugAdditions.h */ = {isa = PBXFileReference; fileEncoding = 4; lastKnownFileType = sourcecode.c.h; path = "NSLayoutConstraint+MASDebugAdditions.h"; sourceTree = "<group>"; };
		69406D231CA8D56C00479B8A /* NSLayoutConstraint+MASDebugAdditions.m */ = {isa = PBXFileReference; fileEncoding = 4; lastKnownFileType = sourcecode.c.objc; path = "NSLayoutConstraint+MASDebugAdditions.m"; sourceTree = "<group>"; };
		69406D241CA8D56C00479B8A /* View+MASAdditions.h */ = {isa = PBXFileReference; fileEncoding = 4; lastKnownFileType = sourcecode.c.h; path = "View+MASAdditions.h"; sourceTree = "<group>"; };
		69406D251CA8D56C00479B8A /* View+MASAdditions.m */ = {isa = PBXFileReference; fileEncoding = 4; lastKnownFileType = sourcecode.c.objc; path = "View+MASAdditions.m"; sourceTree = "<group>"; };
		69406D261CA8D56C00479B8A /* View+MASShorthandAdditions.h */ = {isa = PBXFileReference; fileEncoding = 4; lastKnownFileType = sourcecode.c.h; path = "View+MASShorthandAdditions.h"; sourceTree = "<group>"; };
		69406D271CA8D56C00479B8A /* ViewController+MASAdditions.h */ = {isa = PBXFileReference; fileEncoding = 4; lastKnownFileType = sourcecode.c.h; path = "ViewController+MASAdditions.h"; sourceTree = "<group>"; };
		69406D281CA8D56C00479B8A /* ViewController+MASAdditions.m */ = {isa = PBXFileReference; fileEncoding = 4; lastKnownFileType = sourcecode.c.objc; path = "ViewController+MASAdditions.m"; sourceTree = "<group>"; };
		69A2634C1ACBCDC20059044B /* HYBLoadImageView.h */ = {isa = PBXFileReference; fileEncoding = 4; lastKnownFileType = sourcecode.c.h; name = HYBLoadImageView.h; path = HYBLoopScrollView/HYBLoadImageView.h; sourceTree = "<group>"; };
		69A2634D1ACBCDC20059044B /* HYBLoadImageView.m */ = {isa = PBXFileReference; fileEncoding = 4; lastKnownFileType = sourcecode.c.objc; name = HYBLoadImageView.m; path = HYBLoopScrollView/HYBLoadImageView.m; sourceTree = "<group>"; };
		69A2634F1ACBD25C0059044B /* HYBPageControl.h */ = {isa = PBXFileReference; fileEncoding = 4; lastKnownFileType = sourcecode.c.h; name = HYBPageControl.h; path = HYBLoopScrollView/HYBPageControl.h; sourceTree = "<group>"; };
		69A263501ACBD25C0059044B /* HYBPageControl.m */ = {isa = PBXFileReference; fileEncoding = 4; lastKnownFileType = sourcecode.c.objc; name = HYBPageControl.m; path = HYBLoopScrollView/HYBPageControl.m; sourceTree = "<group>"; };
		69A263521ACBDE690059044B /* h1.jpg */ = {isa = PBXFileReference; lastKnownFileType = image.jpeg; path = h1.jpg; sourceTree = "<group>"; };
		69A263531ACBDE690059044B /* h3.jpg */ = {isa = PBXFileReference; lastKnownFileType = image.jpeg; path = h3.jpg; sourceTree = "<group>"; };
		69A263541ACBDE690059044B /* h2.jpg */ = {isa = PBXFileReference; lastKnownFileType = image.jpeg; path = h2.jpg; sourceTree = "<group>"; };
		69A263551ACBDE690059044B /* h4.jpg */ = {isa = PBXFileReference; lastKnownFileType = image.jpeg; path = h4.jpg; sourceTree = "<group>"; };
/* End PBXFileReference section */

/* Begin PBXFrameworksBuildPhase section */
		693CEB931ACBC749005FD2DC /* Frameworks */ = {
			isa = PBXFrameworksBuildPhase;
			buildActionMask = 2147483647;
			files = (
			);
			runOnlyForDeploymentPostprocessing = 0;
		};
/* End PBXFrameworksBuildPhase section */

/* Begin PBXGroup section */
		693CEB8D1ACBC749005FD2DC = {
			isa = PBXGroup;
			children = (
				693CEB981ACBC749005FD2DC /* HYBLoopScrollView */,
				693CEB971ACBC749005FD2DC /* Products */,
			);
			sourceTree = "<group>";
		};
		693CEB971ACBC749005FD2DC /* Products */ = {
			isa = PBXGroup;
			children = (
				693CEB961ACBC749005FD2DC /* HYBLoopScrollView.app */,
			);
			name = Products;
			sourceTree = "<group>";
		};
		693CEB981ACBC749005FD2DC /* HYBLoopScrollView */ = {
			isa = PBXGroup;
			children = (
				69406D0E1CA8D56C00479B8A /* Masonry */,
				693CEBBF1ACBC78D005FD2DC /* HYBLoopScrollView */,
				693CEB9D1ACBC749005FD2DC /* AppDelegate.h */,
				693CEB9E1ACBC749005FD2DC /* AppDelegate.m */,
				693CEBA01ACBC749005FD2DC /* ViewController.h */,
				693CEBA11ACBC749005FD2DC /* ViewController.m */,
				693CEB991ACBC749005FD2DC /* Supporting Files */,
				693CA70C1CA3D71B0076E4BC /* TestViewController.h */,
				693CA70D1CA3D71B0076E4BC /* TestViewController.m */,
			);
			path = HYBLoopScrollView;
			sourceTree = "<group>";
		};
		693CEB991ACBC749005FD2DC /* Supporting Files */ = {
			isa = PBXGroup;
			children = (
				693CA70A1CA3C6D90076E4BC /* default.png */,
				69A263521ACBDE690059044B /* h1.jpg */,
				69A263531ACBDE690059044B /* h3.jpg */,
				69A263541ACBDE690059044B /* h2.jpg */,
				69A263551ACBDE690059044B /* h4.jpg */,
				693CEB9A1ACBC749005FD2DC /* Info.plist */,
				693CEB9B1ACBC749005FD2DC /* main.m */,
			);
			name = "Supporting Files";
			sourceTree = "<group>";
		};
		693CEBBF1ACBC78D005FD2DC /* HYBLoopScrollView */ = {
			isa = PBXGroup;
			children = (
				69A2634C1ACBCDC20059044B /* HYBLoadImageView.h */,
				69A2634D1ACBCDC20059044B /* HYBLoadImageView.m */,
				693CEBC31ACBC7E7005FD2DC /* HYBLoopScrollView.h */,
				693CEBC41ACBC7E7005FD2DC /* HYBLoopScrollView.m */,
				69A2634F1ACBD25C0059044B /* HYBPageControl.h */,
				69A263501ACBD25C0059044B /* HYBPageControl.m */,
				690C27461B969E82004CA276 /* UIView+HYBUIViewCommon.h */,
				690C27471B969E82004CA276 /* UIView+HYBUIViewCommon.m */,
			);
			name = HYBLoopScrollView;
			sourceTree = "<group>";
		};
		69406D0E1CA8D56C00479B8A /* Masonry */ = {
			isa = PBXGroup;
			children = (
				69406D0F1CA8D56C00479B8A /* Info.plist */,
				69406D101CA8D56C00479B8A /* MASCompositeConstraint.h */,
				69406D111CA8D56C00479B8A /* MASCompositeConstraint.m */,
				69406D121CA8D56C00479B8A /* MASConstraint+Private.h */,
				69406D131CA8D56C00479B8A /* MASConstraint.h */,
				69406D141CA8D56C00479B8A /* MASConstraint.m */,
				69406D151CA8D56C00479B8A /* MASConstraintMaker.h */,
				69406D161CA8D56C00479B8A /* MASConstraintMaker.m */,
				69406D171CA8D56C00479B8A /* MASLayoutConstraint.h */,
				69406D181CA8D56C00479B8A /* MASLayoutConstraint.m */,
				69406D191CA8D56C00479B8A /* Masonry.h */,
				69406D1A1CA8D56C00479B8A /* MASUtilities.h */,
				69406D1B1CA8D56C00479B8A /* MASViewAttribute.h */,
				69406D1C1CA8D56C00479B8A /* MASViewAttribute.m */,
				69406D1D1CA8D56C00479B8A /* MASViewConstraint.h */,
				69406D1E1CA8D56C00479B8A /* MASViewConstraint.m */,
				69406D1F1CA8D56C00479B8A /* NSArray+MASAdditions.h */,
				69406D201CA8D56C00479B8A /* NSArray+MASAdditions.m */,
				69406D211CA8D56C00479B8A /* NSArray+MASShorthandAdditions.h */,
				69406D221CA8D56C00479B8A /* NSLayoutConstraint+MASDebugAdditions.h */,
				69406D231CA8D56C00479B8A /* NSLayoutConstraint+MASDebugAdditions.m */,
				69406D241CA8D56C00479B8A /* View+MASAdditions.h */,
				69406D251CA8D56C00479B8A /* View+MASAdditions.m */,
				69406D261CA8D56C00479B8A /* View+MASShorthandAdditions.h */,
				69406D271CA8D56C00479B8A /* ViewController+MASAdditions.h */,
				69406D281CA8D56C00479B8A /* ViewController+MASAdditions.m */,
			);
			path = Masonry;
			sourceTree = "<group>";
		};
/* End PBXGroup section */

/* Begin PBXNativeTarget section */
		693CEB951ACBC749005FD2DC /* HYBLoopScrollView */ = {
			isa = PBXNativeTarget;
			buildConfigurationList = 693CEBB91ACBC749005FD2DC /* Build configuration list for PBXNativeTarget "HYBLoopScrollView" */;
			buildPhases = (
				693CEB921ACBC749005FD2DC /* Sources */,
				693CEB931ACBC749005FD2DC /* Frameworks */,
				693CEB941ACBC749005FD2DC /* Resources */,
			);
			buildRules = (
			);
			dependencies = (
			);
			name = HYBLoopScrollView;
			productName = HYBLoopScrollView;
			productReference = 693CEB961ACBC749005FD2DC /* HYBLoopScrollView.app */;
			productType = "com.apple.product-type.application";
		};
/* End PBXNativeTarget section */

/* Begin PBXProject section */
		693CEB8E1ACBC749005FD2DC /* Project object */ = {
			isa = PBXProject;
			attributes = {
				LastUpgradeCheck = 0620;
				ORGANIZATIONNAME = huangyibiao;
				TargetAttributes = {
					693CEB951ACBC749005FD2DC = {
						CreatedOnToolsVersion = 6.2;
					};
				};
			};
			buildConfigurationList = 693CEB911ACBC749005FD2DC /* Build configuration list for PBXProject "HYBLoopScrollView" */;
			compatibilityVersion = "Xcode 3.2";
			developmentRegion = English;
			hasScannedForEncodings = 0;
			knownRegions = (
				en,
				Base,
			);
			mainGroup = 693CEB8D1ACBC749005FD2DC;
			productRefGroup = 693CEB971ACBC749005FD2DC /* Products */;
			projectDirPath = "";
			projectRoot = "";
			targets = (
				693CEB951ACBC749005FD2DC /* HYBLoopScrollView */,
			);
		};
/* End PBXProject section */

/* Begin PBXResourcesBuildPhase section */
		693CEB941ACBC749005FD2DC /* Resources */ = {
			isa = PBXResourcesBuildPhase;
			buildActionMask = 2147483647;
			files = (
				69A263591ACBDE690059044B /* h4.jpg in Resources */,
				69A263561ACBDE690059044B /* h1.jpg in Resources */,
				69406D291CA8D56C00479B8A /* Info.plist in Resources */,
				69A263571ACBDE690059044B /* h3.jpg in Resources */,
				69A263581ACBDE690059044B /* h2.jpg in Resources */,
				693CA70B1CA3C6D90076E4BC /* default.png in Resources */,
			);
			runOnlyForDeploymentPostprocessing = 0;
		};
/* End PBXResourcesBuildPhase section */

/* Begin PBXSourcesBuildPhase section */
		693CEB921ACBC749005FD2DC /* Sources */ = {
			isa = PBXSourcesBuildPhase;
			buildActionMask = 2147483647;
			files = (
				69A263511ACBD25C0059044B /* HYBPageControl.m in Sources */,
				693CEBA21ACBC749005FD2DC /* ViewController.m in Sources */,
				69406D301CA8D56C00479B8A /* NSArray+MASAdditions.m in Sources */,
				693CEB9F1ACBC749005FD2DC /* AppDelegate.m in Sources */,
				693CEBC51ACBC7E7005FD2DC /* HYBLoopScrollView.m in Sources */,
				69406D321CA8D56C00479B8A /* View+MASAdditions.m in Sources */,
				69406D2D1CA8D56C00479B8A /* MASLayoutConstraint.m in Sources */,
				69406D2B1CA8D56C00479B8A /* MASConstraint.m in Sources */,
				69406D311CA8D56C00479B8A /* NSLayoutConstraint+MASDebugAdditions.m in Sources */,
				69406D2A1CA8D56C00479B8A /* MASCompositeConstraint.m in Sources */,
				693CEB9C1ACBC749005FD2DC /* main.m in Sources */,
				69A2634E1ACBCDC20059044B /* HYBLoadImageView.m in Sources */,
				693CA70E1CA3D71B0076E4BC /* TestViewController.m in Sources */,
				69406D2C1CA8D56C00479B8A /* MASConstraintMaker.m in Sources */,
				69406D331CA8D56C00479B8A /* ViewController+MASAdditions.m in Sources */,
				69406D2F1CA8D56C00479B8A /* MASViewConstraint.m in Sources */,
				690C27481B969E82004CA276 /* UIView+HYBUIViewCommon.m in Sources */,
				69406D2E1CA8D56C00479B8A /* MASViewAttribute.m in Sources */,
			);
			runOnlyForDeploymentPostprocessing = 0;
		};
/* End PBXSourcesBuildPhase section */

/* Begin XCBuildConfiguration section */
		693CEBB71ACBC749005FD2DC /* Debug */ = {
			isa = XCBuildConfiguration;
			buildSettings = {
				ALWAYS_SEARCH_USER_PATHS = NO;
				CLANG_CXX_LANGUAGE_STANDARD = "gnu++0x";
				CLANG_CXX_LIBRARY = "libc++";
				CLANG_ENABLE_MODULES = YES;
				CLANG_ENABLE_OBJC_ARC = YES;
				CLANG_WARN_BOOL_CONVERSION = YES;
				CLANG_WARN_CONSTANT_CONVERSION = YES;
				CLANG_WARN_DIRECT_OBJC_ISA_USAGE = YES_ERROR;
				CLANG_WARN_EMPTY_BODY = YES;
				CLANG_WARN_ENUM_CONVERSION = YES;
				CLANG_WARN_INT_CONVERSION = YES;
				CLANG_WARN_OBJC_ROOT_CLASS = YES_ERROR;
				CLANG_WARN_UNREACHABLE_CODE = YES;
				CLANG_WARN__DUPLICATE_METHOD_MATCH = YES;
				"CODE_SIGN_IDENTITY[sdk=iphoneos*]" = "iPhone Developer";
				COPY_PHASE_STRIP = NO;
				ENABLE_STRICT_OBJC_MSGSEND = YES;
				GCC_C_LANGUAGE_STANDARD = gnu99;
				GCC_DYNAMIC_NO_PIC = NO;
				GCC_OPTIMIZATION_LEVEL = 0;
				GCC_PREPROCESSOR_DEFINITIONS = (
					"DEBUG=1",
					"$(inherited)",
				);
				GCC_SYMBOLS_PRIVATE_EXTERN = NO;
				GCC_WARN_64_TO_32_BIT_CONVERSION = YES;
				GCC_WARN_ABOUT_RETURN_TYPE = YES_ERROR;
				GCC_WARN_UNDECLARED_SELECTOR = YES;
				GCC_WARN_UNINITIALIZED_AUTOS = YES_AGGRESSIVE;
				GCC_WARN_UNUSED_FUNCTION = YES;
				GCC_WARN_UNUSED_VARIABLE = YES;
				IPHONEOS_DEPLOYMENT_TARGET = 8.2;
				MTL_ENABLE_DEBUG_INFO = YES;
				ONLY_ACTIVE_ARCH = YES;
				SDKROOT = iphoneos;
			};
			name = Debug;
		};
		693CEBB81ACBC749005FD2DC /* Release */ = {
			isa = XCBuildConfiguration;
			buildSettings = {
				ALWAYS_SEARCH_USER_PATHS = NO;
				CLANG_CXX_LANGUAGE_STANDARD = "gnu++0x";
				CLANG_CXX_LIBRARY = "libc++";
				CLANG_ENABLE_MODULES = YES;
				CLANG_ENABLE_OBJC_ARC = YES;
				CLANG_WARN_BOOL_CONVERSION = YES;
				CLANG_WARN_CONSTANT_CONVERSION = YES;
				CLANG_WARN_DIRECT_OBJC_ISA_USAGE = YES_ERROR;
				CLANG_WARN_EMPTY_BODY = YES;
				CLANG_WARN_ENUM_CONVERSION = YES;
				CLANG_WARN_INT_CONVERSION = YES;
				CLANG_WARN_OBJC_ROOT_CLASS = YES_ERROR;
				CLANG_WARN_UNREACHABLE_CODE = YES;
				CLANG_WARN__DUPLICATE_METHOD_MATCH = YES;
				"CODE_SIGN_IDENTITY[sdk=iphoneos*]" = "iPhone Developer";
				COPY_PHASE_STRIP = NO;
				ENABLE_NS_ASSERTIONS = NO;
				ENABLE_STRICT_OBJC_MSGSEND = YES;
				GCC_C_LANGUAGE_STANDARD = gnu99;
				GCC_WARN_64_TO_32_BIT_CONVERSION = YES;
				GCC_WARN_ABOUT_RETURN_TYPE = YES_ERROR;
				GCC_WARN_UNDECLARED_SELECTOR = YES;
				GCC_WARN_UNINITIALIZED_AUTOS = YES_AGGRESSIVE;
				GCC_WARN_UNUSED_FUNCTION = YES;
				GCC_WARN_UNUSED_VARIABLE = YES;
				IPHONEOS_DEPLOYMENT_TARGET = 8.2;
				MTL_ENABLE_DEBUG_INFO = NO;
				SDKROOT = iphoneos;
				VALIDATE_PRODUCT = YES;
			};
			name = Release;
		};
		693CEBBA1ACBC749005FD2DC /* Debug */ = {
			isa = XCBuildConfiguration;
			buildSettings = {
				GCC_WARN_INHIBIT_ALL_WARNINGS = NO;
				INFOPLIST_FILE = HYBLoopScrollView/Info.plist;
				IPHONEOS_DEPLOYMENT_TARGET = 6.0;
				LD_RUNPATH_SEARCH_PATHS = "$(inherited) @executable_path/Frameworks";
				PRODUCT_NAME = "$(TARGET_NAME)";
				WARNING_CFLAGS = (
					"-Wno-objc-designated-initializers",
					"-Wno-nonnull",
				);
			};
			name = Debug;
		};
		693CEBBB1ACBC749005FD2DC /* Release */ = {
			isa = XCBuildConfiguration;
			buildSettings = {
				GCC_WARN_INHIBIT_ALL_WARNINGS = NO;
				INFOPLIST_FILE = HYBLoopScrollView/Info.plist;
				IPHONEOS_DEPLOYMENT_TARGET = 6.0;
				LD_RUNPATH_SEARCH_PATHS = "$(inherited) @executable_path/Frameworks";
				PRODUCT_NAME = "$(TARGET_NAME)";
				WARNING_CFLAGS = (
					"-Wno-objc-designated-initializers",
					"-Wno-nonnull",
				);
			};
			name = Release;
		};
/* End XCBuildConfiguration section */

/* Begin XCConfigurationList section */
		693CEB911ACBC749005FD2DC /* Build configuration list for PBXProject "HYBLoopScrollView" */ = {
			isa = XCConfigurationList;
			buildConfigurations = (
				693CEBB71ACBC749005FD2DC /* Debug */,
				693CEBB81ACBC749005FD2DC /* Release */,
			);
			defaultConfigurationIsVisible = 0;
			defaultConfigurationName = Release;
		};
		693CEBB91ACBC749005FD2DC /* Build configuration list for PBXNativeTarget "HYBLoopScrollView" */ = {
			isa = XCConfigurationList;
			buildConfigurations = (
				693CEBBA1ACBC749005FD2DC /* Debug */,
				693CEBBB1ACBC749005FD2DC /* Release */,
			);
			defaultConfigurationIsVisible = 0;
			defaultConfigurationName = Release;
		};
/* End XCConfigurationList section */
	};
	rootObject = 693CEB8E1ACBC749005FD2DC /* Project object */;
}
